[[package]]
name = "token_bridge"
network = "testnet3"
location = "network"
checksum = "76edbcb317d23dee954bbbd7af872e263dc598e1621eaf85d3bb36fe11ec64c8"
dependencies = []

[[package]]
name = "token_service"
network = "testnet3"
location = "network"
checksum = "07543f6b6d8c1314374ed713a44028630ed7d57689ce7e77db251d35b4b63fd3"
dependencies = ["token_bridge.aleo"]

[[package]]
name = "council"
network = "testnet3"
location = "network"
checksum = "0f85735cfb6e2a13d12cb6127f62527677073e1c88bdb4da17f7814dff2caaf4"
dependencies = ["token_bridge.aleo", "token_service.aleo"]

[[package]]
name = "wusdc_token"
network = "testnet3"
location = "network"
checksum = "0c8aa7d4e07c70b64d3505b0029516a12dc5e5b330f579b92946d15a8e69e6a6"
dependencies = []

[[package]]
name = "wusdc_holding"
network = "testnet3"
location = "network"
checksum = "5618f31fe86114e502922a6c023fa79b1e7fc09668aaf567272c34c8899e0e42"
dependencies = ["wusdc_token.aleo"]
