[[package]]
name = "token_bridge"
network = "testnet3"
location = "network"
checksum = "fe29f8f0d7081b12130bab80b76bd5facbd07d5cd36374adea0d6c33c784d921"
dependencies = []

[[package]]
name = "token_service"
network = "testnet3"
location = "network"
checksum = "76d03a4419026c97488971dfc9b25750f40960f5f22bc888b1fe63518503d839"
dependencies = ["token_bridge.aleo"]

[[package]]
name = "council"
network = "testnet3"
location = "network"
checksum = "196a4210e9cfffb5f12045e7b450186856611a75099894981e9affb2e92dc86c"
dependencies = ["token_bridge.aleo", "token_service.aleo"]

[[package]]
name = "wusdc_token"
network = "testnet3"
location = "network"
checksum = "7bc15f3d981d90fabd3e36ff450621fdf0ce8b5496e2ae8ff3a3afa0115ba40a"
dependencies = []

[[package]]
name = "wusdc_holding"
network = "testnet3"
location = "network"
checksum = "a6acbb15ced3a2f9e0bc76d2c25cf74fccfb6e6fb59be4fcae1e09ade5d649b9"
dependencies = ["wusdc_token.aleo"]
