[[package]]
name = "token_bridge"
network = "testnet3"
location = "network"
checksum = "c9a71f8811af1006d3818623589b5081ece5101d2e572cea4073f15259438535"
dependencies = []

[[package]]
name = "token_service"
network = "testnet3"
location = "network"
checksum = "71110ab5911f5b014e18012a8632a75e251f63469fb4042cc591d08a20d47279"
dependencies = ["token_bridge.aleo"]

[[package]]
name = "council"
network = "testnet3"
location = "network"
checksum = "14faafa9ebb61e54b29edae6442b85c458f1e42daab744dc8b2dfc44b2089c08"
dependencies = ["token_bridge.aleo", "token_service.aleo"]

[[package]]
name = "wusdc_token"
network = "testnet3"
location = "network"
checksum = "ea47b69f7dfbaea7cb53bf2e7a4ca31d6857e1eb9f8dfae70a1ebc10e853807b"
dependencies = []

[[package]]
name = "wusdc_holding"
network = "testnet3"
location = "network"
checksum = "2e43d9cc1362c2f0fcbceb9502012da3d11ef2deecee3060be57acf53ff4b9ed"
dependencies = ["wusdc_token.aleo"]
