[[package]]
name = "wrapped_token"
network = "testnet3"
location = "network"
checksum = "ea13f2209b7b09803018af9d1d1003ad9005cf217cb0e6a6cf6794f342116072"
dependencies = []

[[package]]
name = "token_bridge"
network = "testnet3"
location = "network"
checksum = "02e3fc8420e72b06d60d46376c5e935c67e74684ca66055c2d0412fae1515b92"
dependencies = []

[[package]]
name = "holding"
network = "testnet3"
location = "network"
checksum = "f383617abef736190e5473608433e41247a5d5dfb788dc662834126cabc0fc68"
dependencies = ["wrapped_token.aleo"]
