[[package]]
name = "bridge"
location = "local"
path = "/Users/prajwolgyawali/github/venture23-aleo/aleo-bridge/aleo/artifacts/leo/bridge"
checksum = "730c0d7802a7d1d3159581b838717d3da168b907ce131918c73e117179c1a89c"
dependencies = []

[[package]]
name = "wrapped_token"
location = "local"
path = "/Users/prajwolgyawali/github/venture23-aleo/aleo-bridge/aleo/artifacts/leo/wrapped_token"
checksum = "ed1e5f8fa272d85fd5d847f818a6b59f48b3deefa91225955f517af37745ce7c"
dependencies = []

[[package]]
name = "token_service"
location = "local"
path = "/Users/prajwolgyawali/github/venture23-aleo/aleo-bridge/aleo/artifacts/leo/token_service"
checksum = "6669357fe9da0fd53268aaabfb02acebdd4c4732b1d5f8e5f5086d8f3e2c134c"
dependencies = ["wrapped_token.aleo", "bridge.aleo"]
