[[package]]
name = "token_bridge"
network = "testnet3"
location = "network"
checksum = "6a47fc1e1247b5428afb793f57a49baef4f7fa7f187642b8a2a403885daa7f78"
dependencies = []

[[package]]
name = "token_service"
network = "testnet3"
location = "network"
checksum = "07543f6b6d8c1314374ed713a44028630ed7d57689ce7e77db251d35b4b63fd3"
dependencies = ["token_bridge.aleo"]
