[[package]]
name = "token_bridge"
network = "testnet3"
location = "network"
checksum = "93279449fb06899371d53a317e7f979f5d96908a3307e458f2fbd728b777cb9b"
dependencies = []

[[package]]
name = "token_service"
network = "testnet3"
location = "network"
checksum = "82f230fbc850fbf0bfaf7ab2eb3e1e14439a0114c1967ca2485b6b199dbebcc8"
dependencies = ["token_bridge.aleo"]
