[[package]]
name = "token_bridge_v0001"
network = "testnet3"
location = "network"
checksum = "08dc6db4cd092a00c88848be35cf4fd770ec18cd7df11d1adedf9ea52f70d068"
dependencies = []

[[package]]
name = "token_service_v0001"
network = "testnet3"
location = "network"
checksum = "71b88fd37b7958160205f344529eafe78002ae963138dd6a1642508c9bfef572"
dependencies = ["token_bridge_v0001.aleo"]

[[package]]
name = "council_v0001"
network = "testnet3"
location = "network"
checksum = "99953c444fd9002f47707f4cf7272e58a4a174c18c2d15d447140c7e77f9a0a0"
dependencies = ["token_bridge_v0001.aleo", "token_service_v0001.aleo"]

[[package]]
name = "wusdc_token_v0001"
network = "testnet3"
location = "network"
checksum = "fafc38f430dae23520aade115e0a13edf303a6f3bdfa673e7f37ee873863c500"
dependencies = []

[[package]]
name = "wusdc_holding_v0001"
network = "testnet3"
location = "network"
checksum = "ff736112271a95a6bf1d6e8e982763e4146f6b754888db8728b8f965eb6706fa"
dependencies = ["wusdc_token_v0001.aleo"]
