[[package]]
name = "token_bridge_v0001"
network = "testnet3"
location = "network"
checksum = "887d86a212ed2d1ca1e308852e0705dd7f95ff508687983a09da2d2290efdc21"
dependencies = []

[[package]]
name = "token_service_v0001"
network = "testnet3"
location = "network"
checksum = "9c85a6d74f094a76bb34c1d6088e12ee94275d87e1a7d4b84c74a86699ff5f66"
dependencies = ["token_bridge_v0001.aleo"]

[[package]]
name = "council_v0001"
network = "testnet3"
location = "network"
checksum = "246358cb63b1915b195c2895ae75117d53cc29983858341c5387c582a3d9b821"
dependencies = ["token_bridge_v0001.aleo", "token_service_v0001.aleo"]

[[package]]
name = "wusdc_token_v0001"
network = "testnet3"
location = "network"
checksum = "fafc38f430dae23520aade115e0a13edf303a6f3bdfa673e7f37ee873863c500"
dependencies = []

[[package]]
name = "wusdc_holding_v0001"
network = "testnet3"
location = "network"
checksum = "ff736112271a95a6bf1d6e8e982763e4146f6b754888db8728b8f965eb6706fa"
dependencies = ["wusdc_token_v0001.aleo"]
