[[package]]
name = "token_bridge_v0001"
location = "local"
path = "../token_bridge_v0001"
checksum = "887d86a212ed2d1ca1e308852e0705dd7f95ff508687983a09da2d2290efdc21"
dependencies = []

[[package]]
name = "token_service_v0001"
location = "local"
path = "../token_service_v0001"
checksum = "443e591206ec917d3803227625ff4a9480e83955359f666d130f4eb60fb031a0"
dependencies = ["token_bridge_v0001.aleo"]
