[[package]]
name = "token_bridge_v0001"
network = "testnet3"
location = "network"
checksum = "ba5983ac370f0f49fb35016421b4231b0c74ea249c4e80f6e9eca92ec3f03878"
dependencies = []

[[package]]
name = "token_service_v0001"
network = "testnet3"
location = "network"
checksum = "8e8aa8189520c1171597c7c5fc60d1205c32bbde5103cbf442278e98e0267e77"
dependencies = ["token_bridge_v0001.aleo"]
